// !$*UTF8*$!
{
	archiveVersion = 1;
	classes = {
	};
	objectVersion = 46;
	objects = {

/* Begin PBXBuildFile section */
		F3618F951ABF661C003FD60B /* UserViewController.m in Sources */ = {isa = PBXBuildFile; fileRef = F3618F941ABF661C003FD60B /* UserViewController.m */; };
		F374F1611ACFF415007F64CB /* ROADMAP in Resources */ = {isa = PBXBuildFile; fileRef = F374F1601ACFF415007F64CB /* ROADMAP */; };
		F3C183B11AB9CFCD00AEA66C /* main.m in Sources */ = {isa = PBXBuildFile; fileRef = F3C183B01AB9CFCD00AEA66C /* main.m */; };
		F3C183B41AB9CFCD00AEA66C /* AppDelegate.m in Sources */ = {isa = PBXBuildFile; fileRef = F3C183B31AB9CFCD00AEA66C /* AppDelegate.m */; };
		F3C183B71AB9CFCD00AEA66C /* GoViewController.m in Sources */ = {isa = PBXBuildFile; fileRef = F3C183B61AB9CFCD00AEA66C /* GoViewController.m */; };
		F3C183BD1AB9CFCD00AEA66C /* Main.storyboard in Resources */ = {isa = PBXBuildFile; fileRef = F3C183BB1AB9CFCD00AEA66C /* Main.storyboard */; };
		F3C183BF1AB9CFCD00AEA66C /* Images.xcassets in Resources */ = {isa = PBXBuildFile; fileRef = F3C183BE1AB9CFCD00AEA66C /* Images.xcassets */; };
		F3C183C21AB9CFCD00AEA66C /* LaunchScreen.xib in Resources */ = {isa = PBXBuildFile; fileRef = F3C183C01AB9CFCD00AEA66C /* LaunchScreen.xib */; };
		F3C183CE1AB9CFCD00AEA66C /* SkiSensorTests.m in Sources */ = {isa = PBXBuildFile; fileRef = F3C183CD1AB9CFCD00AEA66C /* SkiSensorTests.m */; };
/* End PBXBuildFile section */

/* Begin PBXContainerItemProxy section */
		F3C183C81AB9CFCD00AEA66C /* PBXContainerItemProxy */ = {
			isa = PBXContainerItemProxy;
			containerPortal = F3C183A31AB9CFCD00AEA66C /* Project object */;
			proxyType = 1;
			remoteGlobalIDString = F3C183AA1AB9CFCD00AEA66C;
			remoteInfo = SkiSensor;
		};
/* End PBXContainerItemProxy section */

/* Begin PBXFileReference section */
		F3618F941ABF661C003FD60B /* UserViewController.m */ = {isa = PBXFileReference; fileEncoding = 4; lastKnownFileType = sourcecode.c.objc; path = UserViewController.m; sourceTree = "<group>"; };
		F374F1601ACFF415007F64CB /* ROADMAP */ = {isa = PBXFileReference; fileEncoding = 4; lastKnownFileType = text; path = ROADMAP; sourceTree = "<group>"; };
		F38E7F3B1ABAEE4100C441DB /* UserViewController.h */ = {isa = PBXFileReference; lastKnownFileType = sourcecode.c.h; path = UserViewController.h; sourceTree = "<group>"; };
		F3C183AB1AB9CFCD00AEA66C /* SkiSensor.app */ = {isa = PBXFileReference; explicitFileType = wrapper.application; includeInIndex = 0; path = SkiSensor.app; sourceTree = BUILT_PRODUCTS_DIR; };
		F3C183AF1AB9CFCD00AEA66C /* Info.plist */ = {isa = PBXFileReference; lastKnownFileType = text.plist.xml; path = Info.plist; sourceTree = "<group>"; };
		F3C183B01AB9CFCD00AEA66C /* main.m */ = {isa = PBXFileReference; lastKnownFileType = sourcecode.c.objc; path = main.m; sourceTree = "<group>"; };
		F3C183B21AB9CFCD00AEA66C /* AppDelegate.h */ = {isa = PBXFileReference; lastKnownFileType = sourcecode.c.h; path = AppDelegate.h; sourceTree = "<group>"; };
		F3C183B31AB9CFCD00AEA66C /* AppDelegate.m */ = {isa = PBXFileReference; lastKnownFileType = sourcecode.c.objc; path = AppDelegate.m; sourceTree = "<group>"; };
		F3C183B51AB9CFCD00AEA66C /* GoViewController.h */ = {isa = PBXFileReference; lastKnownFileType = sourcecode.c.h; path = GoViewController.h; sourceTree = "<group>"; };
		F3C183B61AB9CFCD00AEA66C /* GoViewController.m */ = {isa = PBXFileReference; lastKnownFileType = sourcecode.c.objc; path = GoViewController.m; sourceTree = "<group>"; };
		F3C183BC1AB9CFCD00AEA66C /* Base */ = {isa = PBXFileReference; lastKnownFileType = file.storyboard; name = Base; path = Base.lproj/Main.storyboard; sourceTree = "<group>"; };
		F3C183BE1AB9CFCD00AEA66C /* Images.xcassets */ = {isa = PBXFileReference; lastKnownFileType = folder.assetcatalog; path = Images.xcassets; sourceTree = "<group>"; };
		F3C183C11AB9CFCD00AEA66C /* Base */ = {isa = PBXFileReference; lastKnownFileType = file.xib; name = Base; path = Base.lproj/LaunchScreen.xib; sourceTree = "<group>"; };
		F3C183C71AB9CFCD00AEA66C /* SkiSensorTests.xctest */ = {isa = PBXFileReference; explicitFileType = wrapper.cfbundle; includeInIndex = 0; path = SkiSensorTests.xctest; sourceTree = BUILT_PRODUCTS_DIR; };
		F3C183CC1AB9CFCD00AEA66C /* Info.plist */ = {isa = PBXFileReference; lastKnownFileType = text.plist.xml; path = Info.plist; sourceTree = "<group>"; };
		F3C183CD1AB9CFCD00AEA66C /* SkiSensorTests.m */ = {isa = PBXFileReference; lastKnownFileType = sourcecode.c.objc; path = SkiSensorTests.m; sourceTree = "<group>"; };
/* End PBXFileReference section */

/* Begin PBXFrameworksBuildPhase section */
		F3C183A81AB9CFCD00AEA66C /* Frameworks */ = {
			isa = PBXFrameworksBuildPhase;
			buildActionMask = 2147483647;
			files = (
			);
			runOnlyForDeploymentPostprocessing = 0;
		};
		F3C183C41AB9CFCD00AEA66C /* Frameworks */ = {
			isa = PBXFrameworksBuildPhase;
			buildActionMask = 2147483647;
			files = (
			);
			runOnlyForDeploymentPostprocessing = 0;
		};
/* End PBXFrameworksBuildPhase section */

/* Begin PBXGroup section */
		F3C183A21AB9CFCD00AEA66C = {
			isa = PBXGroup;
			children = (
				F374F1601ACFF415007F64CB /* ROADMAP */,
				F3C183AD1AB9CFCD00AEA66C /* SkiSensor */,
				F3C183CA1AB9CFCD00AEA66C /* SkiSensorTests */,
				F3C183AC1AB9CFCD00AEA66C /* Products */,
			);
			sourceTree = "<group>";
		};
		F3C183AC1AB9CFCD00AEA66C /* Products */ = {
			isa = PBXGroup;
			children = (
				F3C183AB1AB9CFCD00AEA66C /* SkiSensor.app */,
				F3C183C71AB9CFCD00AEA66C /* SkiSensorTests.xctest */,
			);
			name = Products;
			sourceTree = "<group>";
		};
		F3C183AD1AB9CFCD00AEA66C /* SkiSensor */ = {
			isa = PBXGroup;
			children = (
				F3C183B21AB9CFCD00AEA66C /* AppDelegate.h */,
				F3C183B31AB9CFCD00AEA66C /* AppDelegate.m */,
				F3C183B51AB9CFCD00AEA66C /* GoViewController.h */,
				F3C183B61AB9CFCD00AEA66C /* GoViewController.m */,
				F3618F941ABF661C003FD60B /* UserViewController.m */,
				F38E7F3B1ABAEE4100C441DB /* UserViewController.h */,
				F3C183BB1AB9CFCD00AEA66C /* Main.storyboard */,
				F3C183BE1AB9CFCD00AEA66C /* Images.xcassets */,
				F3C183C01AB9CFCD00AEA66C /* LaunchScreen.xib */,
				F3C183AE1AB9CFCD00AEA66C /* Supporting Files */,
			);
			path = SkiSensor;
			sourceTree = "<group>";
		};
		F3C183AE1AB9CFCD00AEA66C /* Supporting Files */ = {
			isa = PBXGroup;
			children = (
				F3C183AF1AB9CFCD00AEA66C /* Info.plist */,
				F3C183B01AB9CFCD00AEA66C /* main.m */,
			);
			name = "Supporting Files";
			sourceTree = "<group>";
		};
		F3C183CA1AB9CFCD00AEA66C /* SkiSensorTests */ = {
			isa = PBXGroup;
			children = (
				F3C183CD1AB9CFCD00AEA66C /* SkiSensorTests.m */,
				F3C183CB1AB9CFCD00AEA66C /* Supporting Files */,
			);
			path = SkiSensorTests;
			sourceTree = "<group>";
		};
		F3C183CB1AB9CFCD00AEA66C /* Supporting Files */ = {
			isa = PBXGroup;
			children = (
				F3C183CC1AB9CFCD00AEA66C /* Info.plist */,
			);
			name = "Supporting Files";
			sourceTree = "<group>";
		};
/* End PBXGroup section */

/* Begin PBXNativeTarget section */
		F3C183AA1AB9CFCD00AEA66C /* SkiSensor */ = {
			isa = PBXNativeTarget;
			buildConfigurationList = F3C183D11AB9CFCD00AEA66C /* Build configuration list for PBXNativeTarget "SkiSensor" */;
			buildPhases = (
				F3C183A71AB9CFCD00AEA66C /* Sources */,
				F3C183A81AB9CFCD00AEA66C /* Frameworks */,
				F3C183A91AB9CFCD00AEA66C /* Resources */,
				50524F424C454D533F /* ShellScript */,
			);
			buildRules = (
			);
			dependencies = (
			);
			name = SkiSensor;
			productName = SkiSensor;
			productReference = F3C183AB1AB9CFCD00AEA66C /* SkiSensor.app */;
			productType = "com.apple.product-type.application";
		};
		F3C183C61AB9CFCD00AEA66C /* SkiSensorTests */ = {
			isa = PBXNativeTarget;
			buildConfigurationList = F3C183D41AB9CFCD00AEA66C /* Build configuration list for PBXNativeTarget "SkiSensorTests" */;
			buildPhases = (
				F3C183C31AB9CFCD00AEA66C /* Sources */,
				F3C183C41AB9CFCD00AEA66C /* Frameworks */,
				F3C183C51AB9CFCD00AEA66C /* Resources */,
			);
			buildRules = (
			);
			dependencies = (
				F3C183C91AB9CFCD00AEA66C /* PBXTargetDependency */,
			);
			name = SkiSensorTests;
			productName = SkiSensorTests;
			productReference = F3C183C71AB9CFCD00AEA66C /* SkiSensorTests.xctest */;
			productType = "com.apple.product-type.bundle.unit-test";
		};
/* End PBXNativeTarget section */

/* Begin PBXProject section */
		F3C183A31AB9CFCD00AEA66C /* Project object */ = {
			isa = PBXProject;
			attributes = {
				LastUpgradeCheck = 0620;
				ORGANIZATIONNAME = "Enrique Acedo Dorado";
				TargetAttributes = {
					F3C183AA1AB9CFCD00AEA66C = {
						CreatedOnToolsVersion = 6.2;
					};
					F3C183C61AB9CFCD00AEA66C = {
						CreatedOnToolsVersion = 6.2;
						TestTargetID = F3C183AA1AB9CFCD00AEA66C;
					};
				};
			};
			buildConfigurationList = F3C183A61AB9CFCD00AEA66C /* Build configuration list for PBXProject "SkiSensor" */;
			compatibilityVersion = "Xcode 3.2";
			developmentRegion = English;
			hasScannedForEncodings = 0;
			knownRegions = (
				en,
				Base,
			);
			mainGroup = F3C183A21AB9CFCD00AEA66C;
			productRefGroup = F3C183AC1AB9CFCD00AEA66C /* Products */;
			projectDirPath = "";
			projectRoot = "";
			targets = (
				F3C183AA1AB9CFCD00AEA66C /* SkiSensor */,
				F3C183C61AB9CFCD00AEA66C /* SkiSensorTests */,
			);
		};
/* End PBXProject section */

/* Begin PBXResourcesBuildPhase section */
		F3C183A91AB9CFCD00AEA66C /* Resources */ = {
			isa = PBXResourcesBuildPhase;
			buildActionMask = 2147483647;
			files = (
				F3C183BD1AB9CFCD00AEA66C /* Main.storyboard in Resources */,
				F3C183C21AB9CFCD00AEA66C /* LaunchScreen.xib in Resources */,
				F3C183BF1AB9CFCD00AEA66C /* Images.xcassets in Resources */,
				F374F1611ACFF415007F64CB /* ROADMAP in Resources */,
			);
			runOnlyForDeploymentPostprocessing = 0;
		};
		F3C183C51AB9CFCD00AEA66C /* Resources */ = {
			isa = PBXResourcesBuildPhase;
			buildActionMask = 2147483647;
			files = (
			);
			runOnlyForDeploymentPostprocessing = 0;
		};
/* End PBXResourcesBuildPhase section */

/* Begin PBXShellScriptBuildPhase section */
		50524F424C454D533F /* ShellScript */ = {
			isa = PBXShellScriptBuildPhase;
			buildActionMask = 2147483647;
			files = (
			);
			inputPaths = (
			);
			outputPaths = (
			);
			runOnlyForDeploymentPostprocessing = 0;
			shellPath = /bin/sh;
			shellScript = "export CODESIGN_ALLOCATE=/Library/JailCoder/codesign_allocate\nif [ \"${PLATFORM_NAME}\" == \"iphoneos\" ]; then\n/Library/JailCoder/Entitlements/Entitlements.py \"my.company.${PROJECT_NAME}\" \"${BUILT_PRODUCTS_DIR}/${WRAPPER_NAME}/${PROJECT_NAME}.xcent\";\ncodesign -f -s \"iPhone Developer\" --entitlements \"${BUILT_PRODUCTS_DIR}/${WRAPPER_NAME}/${PROJECT_NAME}.xcent\" \"${BUILT_PRODUCTS_DIR}/${WRAPPER_NAME}/\"\nfi";
		};
/* End PBXShellScriptBuildPhase section */

/* Begin PBXSourcesBuildPhase section */
		F3C183A71AB9CFCD00AEA66C /* Sources */ = {
			isa = PBXSourcesBuildPhase;
			buildActionMask = 2147483647;
			files = (
				F3C183B41AB9CFCD00AEA66C /* AppDelegate.m in Sources */,
				F3618F951ABF661C003FD60B /* UserViewController.m in Sources */,
				F3C183B71AB9CFCD00AEA66C /* GoViewController.m in Sources */,
				F3C183B11AB9CFCD00AEA66C /* main.m in Sources */,
			);
			runOnlyForDeploymentPostprocessing = 0;
		};
		F3C183C31AB9CFCD00AEA66C /* Sources */ = {
			isa = PBXSourcesBuildPhase;
			buildActionMask = 2147483647;
			files = (
				F3C183CE1AB9CFCD00AEA66C /* SkiSensorTests.m in Sources */,
			);
			runOnlyForDeploymentPostprocessing = 0;
		};
/* End PBXSourcesBuildPhase section */

/* Begin PBXTargetDependency section */
		F3C183C91AB9CFCD00AEA66C /* PBXTargetDependency */ = {
			isa = PBXTargetDependency;
			target = F3C183AA1AB9CFCD00AEA66C /* SkiSensor */;
			targetProxy = F3C183C81AB9CFCD00AEA66C /* PBXContainerItemProxy */;
		};
/* End PBXTargetDependency section */

/* Begin PBXVariantGroup section */
		F3C183BB1AB9CFCD00AEA66C /* Main.storyboard */ = {
			isa = PBXVariantGroup;
			children = (
				F3C183BC1AB9CFCD00AEA66C /* Base */,
			);
			name = Main.storyboard;
			sourceTree = "<group>";
		};
		F3C183C01AB9CFCD00AEA66C /* LaunchScreen.xib */ = {
			isa = PBXVariantGroup;
			children = (
				F3C183C11AB9CFCD00AEA66C /* Base */,
			);
			name = LaunchScreen.xib;
			sourceTree = "<group>";
		};
/* End PBXVariantGroup section */

/* Begin XCBuildConfiguration section */
		F3C183CF1AB9CFCD00AEA66C /* Debug */ = {
			isa = XCBuildConfiguration;
			buildSettings = {
				ALWAYS_SEARCH_USER_PATHS = NO;
				CLANG_CXX_LANGUAGE_STANDARD = "gnu++0x";
				CLANG_CXX_LIBRARY = "libc++";
				CLANG_ENABLE_MODULES = YES;
				CLANG_ENABLE_OBJC_ARC = YES;
				CLANG_WARN_BOOL_CONVERSION = YES;
				CLANG_WARN_CONSTANT_CONVERSION = YES;
				CLANG_WARN_DIRECT_OBJC_ISA_USAGE = YES_ERROR;
				CLANG_WARN_EMPTY_BODY = YES;
				CLANG_WARN_ENUM_CONVERSION = YES;
				CLANG_WARN_INT_CONVERSION = YES;
				CLANG_WARN_OBJC_ROOT_CLASS = YES_ERROR;
				CLANG_WARN_UNREACHABLE_CODE = YES;
				CLANG_WARN__DUPLICATE_METHOD_MATCH = YES;
				"CODE_SIGN_IDENTITY[sdk=iphoneos*]" = "";
				COPY_PHASE_STRIP = NO;
				ENABLE_STRICT_OBJC_MSGSEND = YES;
				GCC_C_LANGUAGE_STANDARD = gnu99;
				GCC_DYNAMIC_NO_PIC = NO;
				GCC_OPTIMIZATION_LEVEL = 0;
				GCC_PREPROCESSOR_DEFINITIONS = (
					"DEBUG=1",
					"$(inherited)",
				);
				GCC_SYMBOLS_PRIVATE_EXTERN = NO;
				GCC_WARN_64_TO_32_BIT_CONVERSION = YES;
				GCC_WARN_ABOUT_RETURN_TYPE = YES_ERROR;
				GCC_WARN_UNDECLARED_SELECTOR = YES;
				GCC_WARN_UNINITIALIZED_AUTOS = YES_AGGRESSIVE;
				GCC_WARN_UNUSED_FUNCTION = YES;
				GCC_WARN_UNUSED_VARIABLE = YES;
				IPHONEOS_DEPLOYMENT_TARGET = 8.2;
				MTL_ENABLE_DEBUG_INFO = YES;
				ONLY_ACTIVE_ARCH = YES;
				SDKROOT = iphoneos;
			};
			name = Debug;
		};
		F3C183D01AB9CFCD00AEA66C /* Release */ = {
			isa = XCBuildConfiguration;
			buildSettings = {
				ALWAYS_SEARCH_USER_PATHS = NO;
				CLANG_CXX_LANGUAGE_STANDARD = "gnu++0x";
				CLANG_CXX_LIBRARY = "libc++";
				CLANG_ENABLE_MODULES = YES;
				CLANG_ENABLE_OBJC_ARC = YES;
				CLANG_WARN_BOOL_CONVERSION = YES;
				CLANG_WARN_CONSTANT_CONVERSION = YES;
				CLANG_WARN_DIRECT_OBJC_ISA_USAGE = YES_ERROR;
				CLANG_WARN_EMPTY_BODY = YES;
				CLANG_WARN_ENUM_CONVERSION = YES;
				CLANG_WARN_INT_CONVERSION = YES;
				CLANG_WARN_OBJC_ROOT_CLASS = YES_ERROR;
				CLANG_WARN_UNREACHABLE_CODE = YES;
				CLANG_WARN__DUPLICATE_METHOD_MATCH = YES;
				"CODE_SIGN_IDENTITY[sdk=iphoneos*]" = "";
				COPY_PHASE_STRIP = NO;
				ENABLE_NS_ASSERTIONS = NO;
				ENABLE_STRICT_OBJC_MSGSEND = YES;
				GCC_C_LANGUAGE_STANDARD = gnu99;
				GCC_WARN_64_TO_32_BIT_CONVERSION = YES;
				GCC_WARN_ABOUT_RETURN_TYPE = YES_ERROR;
				GCC_WARN_UNDECLARED_SELECTOR = YES;
				GCC_WARN_UNINITIALIZED_AUTOS = YES_AGGRESSIVE;
				GCC_WARN_UNUSED_FUNCTION = YES;
				GCC_WARN_UNUSED_VARIABLE = YES;
				IPHONEOS_DEPLOYMENT_TARGET = 8.2;
				MTL_ENABLE_DEBUG_INFO = NO;
				SDKROOT = iphoneos;
				VALIDATE_PRODUCT = YES;
			};
			name = Release;
		};
		F3C183D21AB9CFCD00AEA66C /* Debug */ = {
			isa = XCBuildConfiguration;
			buildSettings = {
				ASSETCATALOG_COMPILER_APPICON_NAME = AppIcon;
				ASSETCATALOG_COMPILER_LAUNCHIMAGE_NAME = LaunchImage;
				CLANG_ENABLE_MODULES = YES;
				INFOPLIST_FILE = SkiSensor/Info.plist;
				IPHONEOS_DEPLOYMENT_TARGET = 7.1;
				LD_RUNPATH_SEARCH_PATHS = "$(inherited) @executable_path/Frameworks";
				PRODUCT_NAME = "$(TARGET_NAME)";
				SWIFT_OBJC_BRIDGING_HEADER = "SkiSensor/SkiSensor-Bridging-Header.h";
				SWIFT_OPTIMIZATION_LEVEL = "-Onone";
				TARGETED_DEVICE_FAMILY = 1;
			};
			name = Debug;
		};
		F3C183D31AB9CFCD00AEA66C /* Release */ = {
			isa = XCBuildConfiguration;
			buildSettings = {
				ASSETCATALOG_COMPILER_APPICON_NAME = AppIcon;
				ASSETCATALOG_COMPILER_LAUNCHIMAGE_NAME = LaunchImage;
				CLANG_ENABLE_MODULES = YES;
				INFOPLIST_FILE = SkiSensor/Info.plist;
				IPHONEOS_DEPLOYMENT_TARGET = 7.1;
				LD_RUNPATH_SEARCH_PATHS = "$(inherited) @executable_path/Frameworks";
				PRODUCT_NAME = "$(TARGET_NAME)";
				SWIFT_OBJC_BRIDGING_HEADER = "SkiSensor/SkiSensor-Bridging-Header.h";
				TARGETED_DEVICE_FAMILY = 1;
			};
			name = Release;
		};
		F3C183D51AB9CFCD00AEA66C /* Debug */ = {
			isa = XCBuildConfiguration;
			buildSettings = {
				BUNDLE_LOADER = "$(TEST_HOST)";
				FRAMEWORK_SEARCH_PATHS = (
					"$(SDKROOT)/Developer/Library/Frameworks",
					"$(inherited)",
				);
				GCC_PREPROCESSOR_DEFINITIONS = (
					"DEBUG=1",
					"$(inherited)",
				);
				INFOPLIST_FILE = SkiSensorTests/Info.plist;
				LD_RUNPATH_SEARCH_PATHS = "$(inherited) @executable_path/Frameworks @loader_path/Frameworks";
				PRODUCT_NAME = "$(TARGET_NAME)";
				TEST_HOST = "$(BUILT_PRODUCTS_DIR)/SkiSensor.app/SkiSensor";
			};
			name = Debug;
		};
		F3C183D61AB9CFCD00AEA66C /* Release */ = {
			isa = XCBuildConfiguration;
			buildSettings = {
				BUNDLE_LOADER = "$(TEST_HOST)";
				FRAMEWORK_SEARCH_PATHS = (
					"$(SDKROOT)/Developer/Library/Frameworks",
					"$(inherited)",
				);
				INFOPLIST_FILE = SkiSensorTests/Info.plist;
				LD_RUNPATH_SEARCH_PATHS = "$(inherited) @executable_path/Frameworks @loader_path/Frameworks";
				PRODUCT_NAME = "$(TARGET_NAME)";
				TEST_HOST = "$(BUILT_PRODUCTS_DIR)/SkiSensor.app/SkiSensor";
			};
			name = Release;
		};
/* End XCBuildConfiguration section */

/* Begin XCConfigurationList section */
		F3C183A61AB9CFCD00AEA66C /* Build configuration list for PBXProject "SkiSensor" */ = {
			isa = XCConfigurationList;
			buildConfigurations = (
				F3C183CF1AB9CFCD00AEA66C /* Debug */,
				F3C183D01AB9CFCD00AEA66C /* Release */,
			);
			defaultConfigurationIsVisible = 0;
			defaultConfigurationName = Release;
		};
		F3C183D11AB9CFCD00AEA66C /* Build configuration list for PBXNativeTarget "SkiSensor" */ = {
			isa = XCConfigurationList;
			buildConfigurations = (
				F3C183D21AB9CFCD00AEA66C /* Debug */,
				F3C183D31AB9CFCD00AEA66C /* Release */,
			);
			defaultConfigurationIsVisible = 0;
			defaultConfigurationName = Release;
		};
		F3C183D41AB9CFCD00AEA66C /* Build configuration list for PBXNativeTarget "SkiSensorTests" */ = {
			isa = XCConfigurationList;
			buildConfigurations = (
				F3C183D51AB9CFCD00AEA66C /* Debug */,
				F3C183D61AB9CFCD00AEA66C /* Release */,
			);
			defaultConfigurationIsVisible = 0;
			defaultConfigurationName = Release;
		};
/* End XCConfigurationList section */
	};
	rootObject = F3C183A31AB9CFCD00AEA66C /* Project object */;
}
